
Microsoft Visual Studio Solution File, Format Version 12.00
# Visual Studio Version 17
VisualStudioVersion = 17.14.36327.8 d17.14
MinimumVisualStudioVersion = 10.0.40219.1
Project("{FAE04EC0-301F-11D3-BF4B-00C04F79EFBC}") = "Assignment 5.3.2", "Assignment 5.3.2.csproj", "{B0478E40-801B-4ACA-AA87-EB3718FA304F}"
EndProject
Global
	GlobalSection(SolutionConfigurationPlatforms) = preSolution
		Debug|Any CPU = Debug|Any CPU
		Release|Any CPU = Release|Any CPU
	EndGlobalSection
	GlobalSection(ProjectConfigurationPlatforms) = postSolution
		{B0478E40-801B-4ACA-AA87-EB3718FA304F}.Debug|Any CPU.ActiveCfg = Debug|Any CPU
		{B0478E40-801B-4ACA-AA87-EB3718FA304F}.Debug|Any CPU.Build.0 = Debug|Any CPU
		{B0478E40-801B-4ACA-AA87-EB3718FA304F}.Release|Any CPU.ActiveCfg = Release|Any CPU
		{B0478E40-801B-4ACA-AA87-EB3718FA304F}.Release|Any CPU.Build.0 = Release|Any CPU
	EndGlobalSection
	GlobalSection(SolutionProperties) = preSolution
		HideSolutionNode = FALSE
	EndGlobalSection
	GlobalSection(ExtensibilityGlobals) = postSolution
		SolutionGuid = {06660CA8-A320-4178-93F8-BF5F0FA994FE}
	EndGlobalSection
EndGlobal
